
Microsoft Visual Studio Solution File, Format Version 12.00
# Visual Studio Version 16
VisualStudioVersion = 16.0.30804.86
MinimumVisualStudioVersion = 10.0.40219.1
Project("{2150E333-8FDC-42A3-9474-1A3956D46DE8}") = "src", "src", "{4C17150B-ED08-424E-97AF-59C3C1D16868}"
EndProject
Project("{2150E333-8FDC-42A3-9474-1A3956D46DE8}") = "Unary", "Unary", "{AC554E60-3E29-46C3-AA14-5C62F646DF91}"
EndProject
Project("{9A19103F-16F7-4668-BE54-9A1E7A4F7556}") = "GrpcService.Server", "GrpcService.Server\GrpcService.Server.csproj", "{D25A3899-2675-4B6F-9F6A-6F8B4411471C}"
EndProject
Project("{FAE04EC0-301F-11D3-BF4B-00C04F79EFBC}") = "gRPC.Client", "gRPC.Client\gRPC.Client.csproj", "{792A3050-3A2D-42DB-B18F-339E9AA10EA8}"
EndProject
Global
	GlobalSection(SolutionConfigurationPlatforms) = preSolution
		Debug|Any CPU = Debug|Any CPU
		Release|Any CPU = Release|Any CPU
	EndGlobalSection
	GlobalSection(ProjectConfigurationPlatforms) = postSolution
		{D25A3899-2675-4B6F-9F6A-6F8B4411471C}.Debug|Any CPU.ActiveCfg = Debug|Any CPU
		{D25A3899-2675-4B6F-9F6A-6F8B4411471C}.Debug|Any CPU.Build.0 = Debug|Any CPU
		{D25A3899-2675-4B6F-9F6A-6F8B4411471C}.Release|Any CPU.ActiveCfg = Release|Any CPU
		{D25A3899-2675-4B6F-9F6A-6F8B4411471C}.Release|Any CPU.Build.0 = Release|Any CPU
		{792A3050-3A2D-42DB-B18F-339E9AA10EA8}.Debug|Any CPU.ActiveCfg = Debug|Any CPU
		{792A3050-3A2D-42DB-B18F-339E9AA10EA8}.Debug|Any CPU.Build.0 = Debug|Any CPU
		{792A3050-3A2D-42DB-B18F-339E9AA10EA8}.Release|Any CPU.ActiveCfg = Release|Any CPU
		{792A3050-3A2D-42DB-B18F-339E9AA10EA8}.Release|Any CPU.Build.0 = Release|Any CPU
	EndGlobalSection
	GlobalSection(SolutionProperties) = preSolution
		HideSolutionNode = FALSE
	EndGlobalSection
	GlobalSection(NestedProjects) = preSolution
		{AC554E60-3E29-46C3-AA14-5C62F646DF91} = {4C17150B-ED08-424E-97AF-59C3C1D16868}
		{D25A3899-2675-4B6F-9F6A-6F8B4411471C} = {AC554E60-3E29-46C3-AA14-5C62F646DF91}
		{792A3050-3A2D-42DB-B18F-339E9AA10EA8} = {AC554E60-3E29-46C3-AA14-5C62F646DF91}
	EndGlobalSection
	GlobalSection(ExtensibilityGlobals) = postSolution
		SolutionGuid = {DBAEEA6D-0C07-42BA-94E4-7EF7A4177242}
	EndGlobalSection
EndGlobal
